
Microsoft Visual Studio Solution File, Format Version 12.00
# Visual Studio Version 17
VisualStudioVersion = 17.4.33213.308
MinimumVisualStudioVersion = 10.0.40219.1
Project("{FAE04EC0-301F-11D3-BF4B-00C04F79EFBC}") = "RemoteController.Host", "RemoteController.Host\RemoteController.Host.csproj", "{43C29E62-3FB8-433F-BB6B-A896BE09C483}"
EndProject
Global
	GlobalSection(SolutionConfigurationPlatforms) = preSolution
		Debug|Any CPU = Debug|Any CPU
		Release|Any CPU = Release|Any CPU
	EndGlobalSection
	GlobalSection(ProjectConfigurationPlatforms) = postSolution
		{43C29E62-3FB8-433F-BB6B-A896BE09C483}.Debug|Any CPU.ActiveCfg = Debug|Any CPU
		{43C29E62-3FB8-433F-BB6B-A896BE09C483}.Debug|Any CPU.Build.0 = Debug|Any CPU
		{43C29E62-3FB8-433F-BB6B-A896BE09C483}.Release|Any CPU.ActiveCfg = Release|Any CPU
		{43C29E62-3FB8-433F-BB6B-A896BE09C483}.Release|Any CPU.Build.0 = Release|Any CPU
	EndGlobalSection
	GlobalSection(SolutionProperties) = preSolution
		HideSolutionNode = FALSE
	EndGlobalSection
	GlobalSection(ExtensibilityGlobals) = postSolution
		SolutionGuid = {C564FF7D-EB2A-444D-9978-7830FCAA04AB}
	EndGlobalSection
EndGlobal
